
Microsoft Visual Studio Solution File, Format Version 12.00
# Visual Studio 15
VisualStudioVersion = 15.0.26730.15
MinimumVisualStudioVersion = 10.0.40219.1
Project("{FAE04EC0-301F-11D3-BF4B-00C04F79EFBC}") = "LINQGroupByExample", "LINQGroupByExample\LINQGroupByExample.csproj", "{8EF1CC97-7B03-42F5-89CA-9DD01DF5983D}"
EndProject
Global
	GlobalSection(SolutionConfigurationPlatforms) = preSolution
		Debug|Any CPU = Debug|Any CPU
		Release|Any CPU = Release|Any CPU
	EndGlobalSection
	GlobalSection(ProjectConfigurationPlatforms) = postSolution
		{8EF1CC97-7B03-42F5-89CA-9DD01DF5983D}.Debug|Any CPU.ActiveCfg = Debug|Any CPU
		{8EF1CC97-7B03-42F5-89CA-9DD01DF5983D}.Debug|Any CPU.Build.0 = Debug|Any CPU
		{8EF1CC97-7B03-42F5-89CA-9DD01DF5983D}.Release|Any CPU.ActiveCfg = Release|Any CPU
		{8EF1CC97-7B03-42F5-89CA-9DD01DF5983D}.Release|Any CPU.Build.0 = Release|Any CPU
	EndGlobalSection
	GlobalSection(SolutionProperties) = preSolution
		HideSolutionNode = FALSE
	EndGlobalSection
	GlobalSection(ExtensibilityGlobals) = postSolution
		SolutionGuid = {8FA6A1CA-3DA9-4919-8889-40B75AA07DAC}
	EndGlobalSection
EndGlobal
