
Microsoft Visual Studio Solution File, Format Version 12.00
# Visual Studio 15
VisualStudioVersion = 15.0.26730.15
MinimumVisualStudioVersion = 10.0.40219.1
Project("{FAE04EC0-301F-11D3-BF4B-00C04F79EFBC}") = "MediatorDPPractice", "AdvancedDelegatePractice\MediatorDPPractice.csproj", "{C0A39950-4AF5-4348-9911-7A82F23CADAB}"
EndProject
Global
	GlobalSection(SolutionConfigurationPlatforms) = preSolution
		Debug|Any CPU = Debug|Any CPU
		Release|Any CPU = Release|Any CPU
	EndGlobalSection
	GlobalSection(ProjectConfigurationPlatforms) = postSolution
		{C0A39950-4AF5-4348-9911-7A82F23CADAB}.Debug|Any CPU.ActiveCfg = Debug|Any CPU
		{C0A39950-4AF5-4348-9911-7A82F23CADAB}.Debug|Any CPU.Build.0 = Debug|Any CPU
		{C0A39950-4AF5-4348-9911-7A82F23CADAB}.Release|Any CPU.ActiveCfg = Release|Any CPU
		{C0A39950-4AF5-4348-9911-7A82F23CADAB}.Release|Any CPU.Build.0 = Release|Any CPU
	EndGlobalSection
	GlobalSection(SolutionProperties) = preSolution
		HideSolutionNode = FALSE
	EndGlobalSection
	GlobalSection(ExtensibilityGlobals) = postSolution
		SolutionGuid = {1B882D24-5A53-47A5-A5D0-3CFFCF38FEB5}
	EndGlobalSection
EndGlobal
