
Microsoft Visual Studio Solution File, Format Version 12.00
# Visual Studio 15
VisualStudioVersion = 15.0.26730.15
MinimumVisualStudioVersion = 10.0.40219.1
Project("{FAE04EC0-301F-11D3-BF4B-00C04F79EFBC}") = "AsynchronousDelegates", "AsynchronousDelegates\AsynchronousDelegates.csproj", "{D9CD8639-42C4-4743-B8C0-870391B77043}"
EndProject
Global
	GlobalSection(SolutionConfigurationPlatforms) = preSolution
		Debug|Any CPU = Debug|Any CPU
		Release|Any CPU = Release|Any CPU
	EndGlobalSection
	GlobalSection(ProjectConfigurationPlatforms) = postSolution
		{D9CD8639-42C4-4743-B8C0-870391B77043}.Debug|Any CPU.ActiveCfg = Debug|Any CPU
		{D9CD8639-42C4-4743-B8C0-870391B77043}.Debug|Any CPU.Build.0 = Debug|Any CPU
		{D9CD8639-42C4-4743-B8C0-870391B77043}.Release|Any CPU.ActiveCfg = Release|Any CPU
		{D9CD8639-42C4-4743-B8C0-870391B77043}.Release|Any CPU.Build.0 = Release|Any CPU
	EndGlobalSection
	GlobalSection(SolutionProperties) = preSolution
		HideSolutionNode = FALSE
	EndGlobalSection
	GlobalSection(ExtensibilityGlobals) = postSolution
		SolutionGuid = {3F3CB205-2713-4FC6-A1A5-AF2B56B618EF}
	EndGlobalSection
EndGlobal
